# This file is autogenerated, do not edit; changes may be undone by the next 'dep ensure'.


[[projects]]
  branch = "v1"
  digest = "1:23fc86a644517c24115801c487921dbca64199a17b4c4bd057dcd97e59605684"
  name = "gopkg.in/jarcoal/httpmock.v1"
  packages = ["."]
  pruneopts = "UT"
  revision = "8007e27cdb3239fcfc95c1274d7d8cbcc68b7d52"

[solve-meta]
  analyzer-name = "dep"
  analyzer-version = 1
  input-imports = ["gopkg.in/jarcoal/httpmock.v1"]
  solver-name = "gps-cdcl"
  solver-version = 1
